
Microsoft Visual Studio Solution File, Format Version 12.00
# Visual Studio Version 17
VisualStudioVersion = 17.10.35027.167
MinimumVisualStudioVersion = 10.0.40219.1
Project("{FAE04EC0-301F-11D3-BF4B-00C04F79EFBC}") = "CSApp.WPF.Part1.Example1.BasicWPF", "CSApp.WPF.Part1.Example1.BasicWPF\CSApp.WPF.Part1.Example1.BasicWPF.csproj", "{DCBE1001-22AF-4D9E-8E43-F4F87566DC25}"
EndProject
Project("{FAE04EC0-301F-11D3-BF4B-00C04F79EFBC}") = "CSApp.WPF.Part1.Example2.NavigationWPF", "CSApp.WPF.Part1.Example2.NavigationWPF\CSApp.WPF.Part1.Example2.NavigationWPF.csproj", "{40FCFBCF-8D02-4333-929E-AF93ECBC76CD}"
EndProject
Global
	GlobalSection(SolutionConfigurationPlatforms) = preSolution
		Debug|Any CPU = Debug|Any CPU
		Release|Any CPU = Release|Any CPU
	EndGlobalSection
	GlobalSection(ProjectConfigurationPlatforms) = postSolution
		{DCBE1001-22AF-4D9E-8E43-F4F87566DC25}.Debug|Any CPU.ActiveCfg = Debug|Any CPU
		{DCBE1001-22AF-4D9E-8E43-F4F87566DC25}.Debug|Any CPU.Build.0 = Debug|Any CPU
		{DCBE1001-22AF-4D9E-8E43-F4F87566DC25}.Release|Any CPU.ActiveCfg = Release|Any CPU
		{DCBE1001-22AF-4D9E-8E43-F4F87566DC25}.Release|Any CPU.Build.0 = Release|Any CPU
		{40FCFBCF-8D02-4333-929E-AF93ECBC76CD}.Debug|Any CPU.ActiveCfg = Debug|Any CPU
		{40FCFBCF-8D02-4333-929E-AF93ECBC76CD}.Debug|Any CPU.Build.0 = Debug|Any CPU
		{40FCFBCF-8D02-4333-929E-AF93ECBC76CD}.Release|Any CPU.ActiveCfg = Release|Any CPU
		{40FCFBCF-8D02-4333-929E-AF93ECBC76CD}.Release|Any CPU.Build.0 = Release|Any CPU
	EndGlobalSection
	GlobalSection(SolutionProperties) = preSolution
		HideSolutionNode = FALSE
	EndGlobalSection
	GlobalSection(ExtensibilityGlobals) = postSolution
		SolutionGuid = {04A01194-CA99-4FA0-BA62-CF4F76C21FD5}
	EndGlobalSection
EndGlobal
